
Microsoft Visual Studio Solution File, Format Version 12.00
# Visual Studio Version 17
VisualStudioVersion = 17.9.34723.18
MinimumVisualStudioVersion = 10.0.40219.1
Project("{FAE04EC0-301F-11D3-BF4B-00C04F79EFBC}") = "Route.C41.G0P.PL", "Route.C41.G0P.PL\Route.C41.G0P.PL.csproj", "{64334005-D2B3-43F5-8CAC-3F5B6524879B}"
EndProject
Project("{FAE04EC0-301F-11D3-BF4B-00C04F79EFBC}") = "Route.C41.G0P.DAL", "Route.C41.G0P.DAL\Route.C41.G0P.DAL.csproj", "{37D490E5-D62E-4525-994C-715E6EFEA56E}"
EndProject
Project("{FAE04EC0-301F-11D3-BF4B-00C04F79EFBC}") = "Route.C41.G0P.BLL", "Route.C41.G0P.BLL\Route.C41.G0P.BLL.csproj", "{3ACD1979-B94F-4A32-813F-CD6B54E1FB2F}"
EndProject
Global
	GlobalSection(SolutionConfigurationPlatforms) = preSolution
		Debug|Any CPU = Debug|Any CPU
		Release|Any CPU = Release|Any CPU
	EndGlobalSection
	GlobalSection(ProjectConfigurationPlatforms) = postSolution
		{64334005-D2B3-43F5-8CAC-3F5B6524879B}.Debug|Any CPU.ActiveCfg = Debug|Any CPU
		{64334005-D2B3-43F5-8CAC-3F5B6524879B}.Debug|Any CPU.Build.0 = Debug|Any CPU
		{64334005-D2B3-43F5-8CAC-3F5B6524879B}.Release|Any CPU.ActiveCfg = Release|Any CPU
		{64334005-D2B3-43F5-8CAC-3F5B6524879B}.Release|Any CPU.Build.0 = Release|Any CPU
		{37D490E5-D62E-4525-994C-715E6EFEA56E}.Debug|Any CPU.ActiveCfg = Debug|Any CPU
		{37D490E5-D62E-4525-994C-715E6EFEA56E}.Debug|Any CPU.Build.0 = Debug|Any CPU
		{37D490E5-D62E-4525-994C-715E6EFEA56E}.Release|Any CPU.ActiveCfg = Release|Any CPU
		{37D490E5-D62E-4525-994C-715E6EFEA56E}.Release|Any CPU.Build.0 = Release|Any CPU
		{3ACD1979-B94F-4A32-813F-CD6B54E1FB2F}.Debug|Any CPU.ActiveCfg = Debug|Any CPU
		{3ACD1979-B94F-4A32-813F-CD6B54E1FB2F}.Debug|Any CPU.Build.0 = Debug|Any CPU
		{3ACD1979-B94F-4A32-813F-CD6B54E1FB2F}.Release|Any CPU.ActiveCfg = Release|Any CPU
		{3ACD1979-B94F-4A32-813F-CD6B54E1FB2F}.Release|Any CPU.Build.0 = Release|Any CPU
	EndGlobalSection
	GlobalSection(SolutionProperties) = preSolution
		HideSolutionNode = FALSE
	EndGlobalSection
	GlobalSection(ExtensibilityGlobals) = postSolution
		SolutionGuid = {771218A3-30E1-4E3A-B55F-6C2D9221FA2A}
	EndGlobalSection
EndGlobal
